
Microsoft Visual Studio Solution File, Format Version 12.00
# Visual Studio Version 17
VisualStudioVersion = 17.4.33213.308
MinimumVisualStudioVersion = 10.0.40219.1
Project("{FAE04EC0-301F-11D3-BF4B-00C04F79EFBC}") = "LambdaAssignment", "LambdaAssignment.csproj", "{7308DFAD-6A48-4BBE-9AF8-2B62B8D712FC}"
EndProject
Global
	GlobalSection(SolutionConfigurationPlatforms) = preSolution
		Debug|Any CPU = Debug|Any CPU
		Release|Any CPU = Release|Any CPU
	EndGlobalSection
	GlobalSection(ProjectConfigurationPlatforms) = postSolution
		{7308DFAD-6A48-4BBE-9AF8-2B62B8D712FC}.Debug|Any CPU.ActiveCfg = Debug|Any CPU
		{7308DFAD-6A48-4BBE-9AF8-2B62B8D712FC}.Debug|Any CPU.Build.0 = Debug|Any CPU
		{7308DFAD-6A48-4BBE-9AF8-2B62B8D712FC}.Release|Any CPU.ActiveCfg = Release|Any CPU
		{7308DFAD-6A48-4BBE-9AF8-2B62B8D712FC}.Release|Any CPU.Build.0 = Release|Any CPU
	EndGlobalSection
	GlobalSection(SolutionProperties) = preSolution
		HideSolutionNode = FALSE
	EndGlobalSection
	GlobalSection(ExtensibilityGlobals) = postSolution
		SolutionGuid = {0FAFCE34-5ED6-4B22-AE29-6106971207F4}
	EndGlobalSection
EndGlobal
