
Microsoft Visual Studio Solution File, Format Version 12.00
# Visual Studio Version 17
VisualStudioVersion = 17.4.33205.214
MinimumVisualStudioVersion = 10.0.40219.1
Project("{FAE04EC0-301F-11D3-BF4B-00C04F79EFBC}") = "BranchingAssigment", "BranchingAssigment.csproj", "{0D1B69D6-0396-434B-BA4B-D96363B04695}"
EndProject
Global
	GlobalSection(SolutionConfigurationPlatforms) = preSolution
		Debug|Any CPU = Debug|Any CPU
		Release|Any CPU = Release|Any CPU
	EndGlobalSection
	GlobalSection(ProjectConfigurationPlatforms) = postSolution
		{0D1B69D6-0396-434B-BA4B-D96363B04695}.Debug|Any CPU.ActiveCfg = Debug|Any CPU
		{0D1B69D6-0396-434B-BA4B-D96363B04695}.Debug|Any CPU.Build.0 = Debug|Any CPU
		{0D1B69D6-0396-434B-BA4B-D96363B04695}.Release|Any CPU.ActiveCfg = Release|Any CPU
		{0D1B69D6-0396-434B-BA4B-D96363B04695}.Release|Any CPU.Build.0 = Release|Any CPU
	EndGlobalSection
	GlobalSection(SolutionProperties) = preSolution
		HideSolutionNode = FALSE
	EndGlobalSection
	GlobalSection(ExtensibilityGlobals) = postSolution
		SolutionGuid = {91E2E637-FD15-4A63-8B7C-3D53BF3A8C08}
	EndGlobalSection
EndGlobal
