
Microsoft Visual Studio Solution File, Format Version 12.00
# Visual Studio Version 17
VisualStudioVersion = 17.4.33213.308
MinimumVisualStudioVersion = 10.0.40219.1
Project("{FAE04EC0-301F-11D3-BF4B-00C04F79EFBC}") = "CallingMethods4", "CallingMethods4.csproj", "{D0B663F0-F0BF-4C03-B0FD-BB0BBCBADBC1}"
EndProject
Global
	GlobalSection(SolutionConfigurationPlatforms) = preSolution
		Debug|Any CPU = Debug|Any CPU
		Release|Any CPU = Release|Any CPU
	EndGlobalSection
	GlobalSection(ProjectConfigurationPlatforms) = postSolution
		{D0B663F0-F0BF-4C03-B0FD-BB0BBCBADBC1}.Debug|Any CPU.ActiveCfg = Debug|Any CPU
		{D0B663F0-F0BF-4C03-B0FD-BB0BBCBADBC1}.Debug|Any CPU.Build.0 = Debug|Any CPU
		{D0B663F0-F0BF-4C03-B0FD-BB0BBCBADBC1}.Release|Any CPU.ActiveCfg = Release|Any CPU
		{D0B663F0-F0BF-4C03-B0FD-BB0BBCBADBC1}.Release|Any CPU.Build.0 = Release|Any CPU
	EndGlobalSection
	GlobalSection(SolutionProperties) = preSolution
		HideSolutionNode = FALSE
	EndGlobalSection
	GlobalSection(ExtensibilityGlobals) = postSolution
		SolutionGuid = {AF449AD9-B2FC-4423-B9F5-2F358F05E39E}
	EndGlobalSection
EndGlobal
